// !$*UTF8*$!
{
	archiveVersion = 1;
	classes = {
	};
	objectVersion = 56;
	objects = {

/* Begin PBXBuildFile section */
		1A3AB9312AA479BE002A025C /* AlertKit in Frameworks */ = {isa = PBXBuildFile; productRef = 1A3AB9302AA479BE002A025C /* AlertKit */; };
		1A9B13B92AB76DE300930B55 /* TodoListManager.swift in Sources */ = {isa = PBXBuildFile; fileRef = 1A9B13B82AB76DE300930B55 /* TodoListManager.swift */; };
		1AC574512A9AAE600003A509 /* TodoApp.swift in Sources */ = {isa = PBXBuildFile; fileRef = 1AC574502A9AAE600003A509 /* TodoApp.swift */; };
		1AC574532A9AAE600003A509 /* ContentView.swift in Sources */ = {isa = PBXBuildFile; fileRef = 1AC574522A9AAE600003A509 /* ContentView.swift */; };
		1AC574552A9AAE610003A509 /* Assets.xcassets in Resources */ = {isa = PBXBuildFile; fileRef = 1AC574542A9AAE610003A509 /* Assets.xcassets */; };
		1AC574582A9AAE610003A509 /* Preview Assets.xcassets in Resources */ = {isa = PBXBuildFile; fileRef = 1AC574572A9AAE610003A509 /* Preview Assets.xcassets */; };
		1AC574612A9B0EAC0003A509 /* ToDoRowView.swift in Sources */ = {isa = PBXBuildFile; fileRef = 1AC574602A9B0EAB0003A509 /* ToDoRowView.swift */; };
		1AC574632A9B0F010003A509 /* Todo.swift in Sources */ = {isa = PBXBuildFile; fileRef = 1AC574622A9B0F010003A509 /* Todo.swift */; };
		1AC574652A9B14350003A509 /* TodoListView.swift in Sources */ = {isa = PBXBuildFile; fileRef = 1AC574642A9B14350003A509 /* TodoListView.swift */; };
		1AC574672A9B17960003A509 /* TodoDetailView.swift in Sources */ = {isa = PBXBuildFile; fileRef = 1AC574662A9B17960003A509 /* TodoDetailView.swift */; };
		1AC574692A9B44500003A509 /* AddTodoView.swift in Sources */ = {isa = PBXBuildFile; fileRef = 1AC574682A9B44500003A509 /* AddTodoView.swift */; };
		1AC5746C2A9B63600003A509 /* TodoController.swift in Sources */ = {isa = PBXBuildFile; fileRef = 1AC5746B2A9B63600003A509 /* TodoController.swift */; };
		1AC5746E2A9B66E30003A509 /* TodoManager.swift in Sources */ = {isa = PBXBuildFile; fileRef = 1AC5746D2A9B66E30003A509 /* TodoManager.swift */; };
		1AC574702A9B8C050003A509 /* TodoModel.swift in Sources */ = {isa = PBXBuildFile; fileRef = 1AC5746F2A9B8C050003A509 /* TodoModel.swift */; };
		1AC574722A9BA8D20003A509 /* TodoViewModel.swift in Sources */ = {isa = PBXBuildFile; fileRef = 1AC574712A9BA8D20003A509 /* TodoViewModel.swift */; };
/* End PBXBuildFile section */

/* Begin PBXFileReference section */
		1A9B13B82AB76DE300930B55 /* TodoListManager.swift */ = {isa = PBXFileReference; lastKnownFileType = sourcecode.swift; path = TodoListManager.swift; sourceTree = "<group>"; };
		1AC5744D2A9AAE600003A509 /* Todo.app */ = {isa = PBXFileReference; explicitFileType = wrapper.application; includeInIndex = 0; path = Todo.app; sourceTree = BUILT_PRODUCTS_DIR; };
		1AC574502A9AAE600003A509 /* TodoApp.swift */ = {isa = PBXFileReference; lastKnownFileType = sourcecode.swift; path = TodoApp.swift; sourceTree = "<group>"; };
		1AC574522A9AAE600003A509 /* ContentView.swift */ = {isa = PBXFileReference; lastKnownFileType = sourcecode.swift; path = ContentView.swift; sourceTree = "<group>"; };
		1AC574542A9AAE610003A509 /* Assets.xcassets */ = {isa = PBXFileReference; lastKnownFileType = folder.assetcatalog; path = Assets.xcassets; sourceTree = "<group>"; };
		1AC574572A9AAE610003A509 /* Preview Assets.xcassets */ = {isa = PBXFileReference; lastKnownFileType = folder.assetcatalog; path = "Preview Assets.xcassets"; sourceTree = "<group>"; };
		1AC574602A9B0EAB0003A509 /* ToDoRowView.swift */ = {isa = PBXFileReference; lastKnownFileType = sourcecode.swift; path = ToDoRowView.swift; sourceTree = "<group>"; };
		1AC574622A9B0F010003A509 /* Todo.swift */ = {isa = PBXFileReference; lastKnownFileType = sourcecode.swift; path = Todo.swift; sourceTree = "<group>"; };
		1AC574642A9B14350003A509 /* TodoListView.swift */ = {isa = PBXFileReference; lastKnownFileType = sourcecode.swift; path = TodoListView.swift; sourceTree = "<group>"; };
		1AC574662A9B17960003A509 /* TodoDetailView.swift */ = {isa = PBXFileReference; lastKnownFileType = sourcecode.swift; path = TodoDetailView.swift; sourceTree = "<group>"; };
		1AC574682A9B44500003A509 /* AddTodoView.swift */ = {isa = PBXFileReference; lastKnownFileType = sourcecode.swift; path = AddTodoView.swift; sourceTree = "<group>"; };
		1AC5746B2A9B63600003A509 /* TodoController.swift */ = {isa = PBXFileReference; lastKnownFileType = sourcecode.swift; path = TodoController.swift; sourceTree = "<group>"; };
		1AC5746D2A9B66E30003A509 /* TodoManager.swift */ = {isa = PBXFileReference; lastKnownFileType = sourcecode.swift; path = TodoManager.swift; sourceTree = "<group>"; };
		1AC5746F2A9B8C050003A509 /* TodoModel.swift */ = {isa = PBXFileReference; lastKnownFileType = sourcecode.swift; path = TodoModel.swift; sourceTree = "<group>"; };
		1AC574712A9BA8D20003A509 /* TodoViewModel.swift */ = {isa = PBXFileReference; lastKnownFileType = sourcecode.swift; path = TodoViewModel.swift; sourceTree = "<group>"; };
/* End PBXFileReference section */

/* Begin PBXFrameworksBuildPhase section */
		1AC5744A2A9AAE600003A509 /* Frameworks */ = {
			isa = PBXFrameworksBuildPhase;
			buildActionMask = 2147483647;
			files = (
				1A3AB9312AA479BE002A025C /* AlertKit in Frameworks */,
			);
			runOnlyForDeploymentPostprocessing = 0;
		};
/* End PBXFrameworksBuildPhase section */

/* Begin PBXGroup section */
		1AC574442A9AAE600003A509 = {
			isa = PBXGroup;
			children = (
				1AC5744F2A9AAE600003A509 /* Todo */,
				1AC5744E2A9AAE600003A509 /* Products */,
			);
			sourceTree = "<group>";
		};
		1AC5744E2A9AAE600003A509 /* Products */ = {
			isa = PBXGroup;
			children = (
				1AC5744D2A9AAE600003A509 /* Todo.app */,
			);
			name = Products;
			sourceTree = "<group>";
		};
		1AC5744F2A9AAE600003A509 /* Todo */ = {
			isa = PBXGroup;
			children = (
				1AC5746A2A9B50480003A509 /* Controller */,
				1AC5745F2A9B0E7A0003A509 /* View */,
				1AC5745E2A9B0E320003A509 /* Model */,
				1AC574502A9AAE600003A509 /* TodoApp.swift */,
				1AC574522A9AAE600003A509 /* ContentView.swift */,
				1AC574542A9AAE610003A509 /* Assets.xcassets */,
				1AC574562A9AAE610003A509 /* Preview Content */,
			);
			path = Todo;
			sourceTree = "<group>";
		};
		1AC574562A9AAE610003A509 /* Preview Content */ = {
			isa = PBXGroup;
			children = (
				1AC574572A9AAE610003A509 /* Preview Assets.xcassets */,
			);
			path = "Preview Content";
			sourceTree = "<group>";
		};
		1AC5745E2A9B0E320003A509 /* Model */ = {
			isa = PBXGroup;
			children = (
				1AC574622A9B0F010003A509 /* Todo.swift */,
				1AC5746D2A9B66E30003A509 /* TodoManager.swift */,
				1AC5746F2A9B8C050003A509 /* TodoModel.swift */,
				1AC574712A9BA8D20003A509 /* TodoViewModel.swift */,
				1A9B13B82AB76DE300930B55 /* TodoListManager.swift */,
			);
			path = Model;
			sourceTree = "<group>";
		};
		1AC5745F2A9B0E7A0003A509 /* View */ = {
			isa = PBXGroup;
			children = (
				1AC574602A9B0EAB0003A509 /* ToDoRowView.swift */,
				1AC574642A9B14350003A509 /* TodoListView.swift */,
				1AC574662A9B17960003A509 /* TodoDetailView.swift */,
				1AC574682A9B44500003A509 /* AddTodoView.swift */,
			);
			path = View;
			sourceTree = "<group>";
		};
		1AC5746A2A9B50480003A509 /* Controller */ = {
			isa = PBXGroup;
			children = (
				1AC5746B2A9B63600003A509 /* TodoController.swift */,
			);
			path = Controller;
			sourceTree = "<group>";
		};
/* End PBXGroup section */

/* Begin PBXNativeTarget section */
		1AC5744C2A9AAE600003A509 /* Todo */ = {
			isa = PBXNativeTarget;
			buildConfigurationList = 1AC5745B2A9AAE610003A509 /* Build configuration list for PBXNativeTarget "Todo" */;
			buildPhases = (
				1AC574492A9AAE600003A509 /* Sources */,
				1AC5744A2A9AAE600003A509 /* Frameworks */,
				1AC5744B2A9AAE600003A509 /* Resources */,
			);
			buildRules = (
			);
			dependencies = (
			);
			name = Todo;
			packageProductDependencies = (
				1A3AB9302AA479BE002A025C /* AlertKit */,
			);
			productName = Todo;
			productReference = 1AC5744D2A9AAE600003A509 /* Todo.app */;
			productType = "com.apple.product-type.application";
		};
/* End PBXNativeTarget section */

/* Begin PBXProject section */
		1AC574452A9AAE600003A509 /* Project object */ = {
			isa = PBXProject;
			attributes = {
				BuildIndependentTargetsInParallel = 1;
				LastSwiftUpdateCheck = 1430;
				LastUpgradeCheck = 1430;
				TargetAttributes = {
					1AC5744C2A9AAE600003A509 = {
						CreatedOnToolsVersion = 14.3.1;
					};
				};
			};
			buildConfigurationList = 1AC574482A9AAE600003A509 /* Build configuration list for PBXProject "Todo" */;
			compatibilityVersion = "Xcode 14.0";
			developmentRegion = en;
			hasScannedForEncodings = 0;
			knownRegions = (
				en,
				Base,
			);
			mainGroup = 1AC574442A9AAE600003A509;
			packageReferences = (
				1A3AB92F2AA479BE002A025C /* XCRemoteSwiftPackageReference "AlertKit" */,
			);
			productRefGroup = 1AC5744E2A9AAE600003A509 /* Products */;
			projectDirPath = "";
			projectRoot = "";
			targets = (
				1AC5744C2A9AAE600003A509 /* Todo */,
			);
		};
/* End PBXProject section */

/* Begin PBXResourcesBuildPhase section */
		1AC5744B2A9AAE600003A509 /* Resources */ = {
			isa = PBXResourcesBuildPhase;
			buildActionMask = 2147483647;
			files = (
				1AC574582A9AAE610003A509 /* Preview Assets.xcassets in Resources */,
				1AC574552A9AAE610003A509 /* Assets.xcassets in Resources */,
			);
			runOnlyForDeploymentPostprocessing = 0;
		};
/* End PBXResourcesBuildPhase section */

/* Begin PBXSourcesBuildPhase section */
		1AC574492A9AAE600003A509 /* Sources */ = {
			isa = PBXSourcesBuildPhase;
			buildActionMask = 2147483647;
			files = (
				1AC574532A9AAE600003A509 /* ContentView.swift in Sources */,
				1AC5746C2A9B63600003A509 /* TodoController.swift in Sources */,
				1AC574672A9B17960003A509 /* TodoDetailView.swift in Sources */,
				1AC574702A9B8C050003A509 /* TodoModel.swift in Sources */,
				1AC574692A9B44500003A509 /* AddTodoView.swift in Sources */,
				1AC574512A9AAE600003A509 /* TodoApp.swift in Sources */,
				1AC574652A9B14350003A509 /* TodoListView.swift in Sources */,
				1AC574612A9B0EAC0003A509 /* ToDoRowView.swift in Sources */,
				1AC5746E2A9B66E30003A509 /* TodoManager.swift in Sources */,
				1A9B13B92AB76DE300930B55 /* TodoListManager.swift in Sources */,
				1AC574722A9BA8D20003A509 /* TodoViewModel.swift in Sources */,
				1AC574632A9B0F010003A509 /* Todo.swift in Sources */,
			);
			runOnlyForDeploymentPostprocessing = 0;
		};
/* End PBXSourcesBuildPhase section */

/* Begin XCBuildConfiguration section */
		1AC574592A9AAE610003A509 /* Debug */ = {
			isa = XCBuildConfiguration;
			buildSettings = {
				ALWAYS_SEARCH_USER_PATHS = NO;
				CLANG_ANALYZER_NONNULL = YES;
				CLANG_ANALYZER_NUMBER_OBJECT_CONVERSION = YES_AGGRESSIVE;
				CLANG_CXX_LANGUAGE_STANDARD = "gnu++20";
				CLANG_ENABLE_MODULES = YES;
				CLANG_ENABLE_OBJC_ARC = YES;
				CLANG_ENABLE_OBJC_WEAK = YES;
				CLANG_WARN_BLOCK_CAPTURE_AUTORELEASING = YES;
				CLANG_WARN_BOOL_CONVERSION = YES;
				CLANG_WARN_COMMA = YES;
				CLANG_WARN_CONSTANT_CONVERSION = YES;
				CLANG_WARN_DEPRECATED_OBJC_IMPLEMENTATIONS = YES;
				CLANG_WARN_DIRECT_OBJC_ISA_USAGE = YES_ERROR;
				CLANG_WARN_DOCUMENTATION_COMMENTS = YES;
				CLANG_WARN_EMPTY_BODY = YES;
				CLANG_WARN_ENUM_CONVERSION = YES;
				CLANG_WARN_INFINITE_RECURSION = YES;
				CLANG_WARN_INT_CONVERSION = YES;
				CLANG_WARN_NON_LITERAL_NULL_CONVERSION = YES;
				CLANG_WARN_OBJC_IMPLICIT_RETAIN_SELF = YES;
				CLANG_WARN_OBJC_LITERAL_CONVERSION = YES;
				CLANG_WARN_OBJC_ROOT_CLASS = YES_ERROR;
				CLANG_WARN_QUOTED_INCLUDE_IN_FRAMEWORK_HEADER = YES;
				CLANG_WARN_RANGE_LOOP_ANALYSIS = YES;
				CLANG_WARN_STRICT_PROTOTYPES = YES;
				CLANG_WARN_SUSPICIOUS_MOVE = YES;
				CLANG_WARN_UNGUARDED_AVAILABILITY = YES_AGGRESSIVE;
				CLANG_WARN_UNREACHABLE_CODE = YES;
				CLANG_WARN__DUPLICATE_METHOD_MATCH = YES;
				COPY_PHASE_STRIP = NO;
				DEBUG_INFORMATION_FORMAT = dwarf;
				ENABLE_STRICT_OBJC_MSGSEND = YES;
				ENABLE_TESTABILITY = YES;
				GCC_C_LANGUAGE_STANDARD = gnu11;
				GCC_DYNAMIC_NO_PIC = NO;
				GCC_NO_COMMON_BLOCKS = YES;
				GCC_OPTIMIZATION_LEVEL = 0;
				GCC_PREPROCESSOR_DEFINITIONS = (
					"DEBUG=1",
					"$(inherited)",
				);
				GCC_WARN_64_TO_32_BIT_CONVERSION = YES;
				GCC_WARN_ABOUT_RETURN_TYPE = YES_ERROR;
				GCC_WARN_UNDECLARED_SELECTOR = YES;
				GCC_WARN_UNINITIALIZED_AUTOS = YES_AGGRESSIVE;
				GCC_WARN_UNUSED_FUNCTION = YES;
				GCC_WARN_UNUSED_VARIABLE = YES;
				IPHONEOS_DEPLOYMENT_TARGET = 16.4;
				MTL_ENABLE_DEBUG_INFO = INCLUDE_SOURCE;
				MTL_FAST_MATH = YES;
				ONLY_ACTIVE_ARCH = YES;
				SDKROOT = iphoneos;
				SWIFT_ACTIVE_COMPILATION_CONDITIONS = DEBUG;
				SWIFT_OPTIMIZATION_LEVEL = "-Onone";
			};
			name = Debug;
		};
		1AC5745A2A9AAE610003A509 /* Release */ = {
			isa = XCBuildConfiguration;
			buildSettings = {
				ALWAYS_SEARCH_USER_PATHS = NO;
				CLANG_ANALYZER_NONNULL = YES;
				CLANG_ANALYZER_NUMBER_OBJECT_CONVERSION = YES_AGGRESSIVE;
				CLANG_CXX_LANGUAGE_STANDARD = "gnu++20";
				CLANG_ENABLE_MODULES = YES;
				CLANG_ENABLE_OBJC_ARC = YES;
				CLANG_ENABLE_OBJC_WEAK = YES;
				CLANG_WARN_BLOCK_CAPTURE_AUTORELEASING = YES;
				CLANG_WARN_BOOL_CONVERSION = YES;
				CLANG_WARN_COMMA = YES;
				CLANG_WARN_CONSTANT_CONVERSION = YES;
				CLANG_WARN_DEPRECATED_OBJC_IMPLEMENTATIONS = YES;
				CLANG_WARN_DIRECT_OBJC_ISA_USAGE = YES_ERROR;
				CLANG_WARN_DOCUMENTATION_COMMENTS = YES;
				CLANG_WARN_EMPTY_BODY = YES;
				CLANG_WARN_ENUM_CONVERSION = YES;
				CLANG_WARN_INFINITE_RECURSION = YES;
				CLANG_WARN_INT_CONVERSION = YES;
				CLANG_WARN_NON_LITERAL_NULL_CONVERSION = YES;
				CLANG_WARN_OBJC_IMPLICIT_RETAIN_SELF = YES;
				CLANG_WARN_OBJC_LITERAL_CONVERSION = YES;
				CLANG_WARN_OBJC_ROOT_CLASS = YES_ERROR;
				CLANG_WARN_QUOTED_INCLUDE_IN_FRAMEWORK_HEADER = YES;
				CLANG_WARN_RANGE_LOOP_ANALYSIS = YES;
				CLANG_WARN_STRICT_PROTOTYPES = YES;
				CLANG_WARN_SUSPICIOUS_MOVE = YES;
				CLANG_WARN_UNGUARDED_AVAILABILITY = YES_AGGRESSIVE;
				CLANG_WARN_UNREACHABLE_CODE = YES;
				CLANG_WARN__DUPLICATE_METHOD_MATCH = YES;
				COPY_PHASE_STRIP = NO;
				DEBUG_INFORMATION_FORMAT = "dwarf-with-dsym";
				ENABLE_NS_ASSERTIONS = NO;
				ENABLE_STRICT_OBJC_MSGSEND = YES;
				GCC_C_LANGUAGE_STANDARD = gnu11;
				GCC_NO_COMMON_BLOCKS = YES;
				GCC_WARN_64_TO_32_BIT_CONVERSION = YES;
				GCC_WARN_ABOUT_RETURN_TYPE = YES_ERROR;
				GCC_WARN_UNDECLARED_SELECTOR = YES;
				GCC_WARN_UNINITIALIZED_AUTOS = YES_AGGRESSIVE;
				GCC_WARN_UNUSED_FUNCTION = YES;
				GCC_WARN_UNUSED_VARIABLE = YES;
				IPHONEOS_DEPLOYMENT_TARGET = 16.4;
				MTL_ENABLE_DEBUG_INFO = NO;
				MTL_FAST_MATH = YES;
				SDKROOT = iphoneos;
				SWIFT_COMPILATION_MODE = wholemodule;
				SWIFT_OPTIMIZATION_LEVEL = "-O";
				VALIDATE_PRODUCT = YES;
			};
			name = Release;
		};
		1AC5745C2A9AAE610003A509 /* Debug */ = {
			isa = XCBuildConfiguration;
			buildSettings = {
				ASSETCATALOG_COMPILER_APPICON_NAME = AppIcon;
				ASSETCATALOG_COMPILER_GLOBAL_ACCENT_COLOR_NAME = AccentColor;
				CODE_SIGN_STYLE = Automatic;
				CURRENT_PROJECT_VERSION = 1;
				DEVELOPMENT_ASSET_PATHS = "\"Todo/Preview Content\"";
				DEVELOPMENT_TEAM = J5N3DMUK2A;
				ENABLE_PREVIEWS = YES;
				FRAMEWORK_SEARCH_PATHS = "$(SRCROOT)";
				GENERATE_INFOPLIST_FILE = YES;
				INFOPLIST_KEY_UIApplicationSceneManifest_Generation = YES;
				INFOPLIST_KEY_UIApplicationSupportsIndirectInputEvents = YES;
				INFOPLIST_KEY_UILaunchScreen_Generation = YES;
				INFOPLIST_KEY_UISupportedInterfaceOrientations_iPad = "UIInterfaceOrientationPortrait UIInterfaceOrientationPortraitUpsideDown UIInterfaceOrientationLandscapeLeft UIInterfaceOrientationLandscapeRight";
				INFOPLIST_KEY_UISupportedInterfaceOrientations_iPhone = "UIInterfaceOrientationPortrait UIInterfaceOrientationLandscapeLeft UIInterfaceOrientationLandscapeRight";
				LD_RUNPATH_SEARCH_PATHS = (
					"$(inherited)",
					"@executable_path/Frameworks",
				);
				MARKETING_VERSION = 1.0;
				PRODUCT_BUNDLE_IDENTIFIER = com.ademKocdogan.Todo;
				PRODUCT_NAME = "$(TARGET_NAME)";
				SWIFT_EMIT_LOC_STRINGS = YES;
				SWIFT_VERSION = 5.0;
				TARGETED_DEVICE_FAMILY = "1,2";
			};
			name = Debug;
		};
		1AC5745D2A9AAE610003A509 /* Release */ = {
			isa = XCBuildConfiguration;
			buildSettings = {
				ASSETCATALOG_COMPILER_APPICON_NAME = AppIcon;
				ASSETCATALOG_COMPILER_GLOBAL_ACCENT_COLOR_NAME = AccentColor;
				CODE_SIGN_STYLE = Automatic;
				CURRENT_PROJECT_VERSION = 1;
				DEVELOPMENT_ASSET_PATHS = "\"Todo/Preview Content\"";
				DEVELOPMENT_TEAM = J5N3DMUK2A;
				ENABLE_PREVIEWS = YES;
				FRAMEWORK_SEARCH_PATHS = "$(SRCROOT)";
				GENERATE_INFOPLIST_FILE = YES;
				INFOPLIST_KEY_UIApplicationSceneManifest_Generation = YES;
				INFOPLIST_KEY_UIApplicationSupportsIndirectInputEvents = YES;
				INFOPLIST_KEY_UILaunchScreen_Generation = YES;
				INFOPLIST_KEY_UISupportedInterfaceOrientations_iPad = "UIInterfaceOrientationPortrait UIInterfaceOrientationPortraitUpsideDown UIInterfaceOrientationLandscapeLeft UIInterfaceOrientationLandscapeRight";
				INFOPLIST_KEY_UISupportedInterfaceOrientations_iPhone = "UIInterfaceOrientationPortrait UIInterfaceOrientationLandscapeLeft UIInterfaceOrientationLandscapeRight";
				LD_RUNPATH_SEARCH_PATHS = (
					"$(inherited)",
					"@executable_path/Frameworks",
				);
				MARKETING_VERSION = 1.0;
				PRODUCT_BUNDLE_IDENTIFIER = com.ademKocdogan.Todo;
				PRODUCT_NAME = "$(TARGET_NAME)";
				SWIFT_EMIT_LOC_STRINGS = YES;
				SWIFT_VERSION = 5.0;
				TARGETED_DEVICE_FAMILY = "1,2";
			};
			name = Release;
		};
/* End XCBuildConfiguration section */

/* Begin XCConfigurationList section */
		1AC574482A9AAE600003A509 /* Build configuration list for PBXProject "Todo" */ = {
			isa = XCConfigurationList;
			buildConfigurations = (
				1AC574592A9AAE610003A509 /* Debug */,
				1AC5745A2A9AAE610003A509 /* Release */,
			);
			defaultConfigurationIsVisible = 0;
			defaultConfigurationName = Release;
		};
		1AC5745B2A9AAE610003A509 /* Build configuration list for PBXNativeTarget "Todo" */ = {
			isa = XCConfigurationList;
			buildConfigurations = (
				1AC5745C2A9AAE610003A509 /* Debug */,
				1AC5745D2A9AAE610003A509 /* Release */,
			);
			defaultConfigurationIsVisible = 0;
			defaultConfigurationName = Release;
		};
/* End XCConfigurationList section */

/* Begin XCRemoteSwiftPackageReference section */
		1A3AB92F2AA479BE002A025C /* XCRemoteSwiftPackageReference "AlertKit" */ = {
			isa = XCRemoteSwiftPackageReference;
			repositoryURL = "https://github.com/sparrowcode/AlertKit";
			requirement = {
				kind = upToNextMajorVersion;
				minimumVersion = 5.0.0;
			};
		};
/* End XCRemoteSwiftPackageReference section */

/* Begin XCSwiftPackageProductDependency section */
		1A3AB9302AA479BE002A025C /* AlertKit */ = {
			isa = XCSwiftPackageProductDependency;
			package = 1A3AB92F2AA479BE002A025C /* XCRemoteSwiftPackageReference "AlertKit" */;
			productName = AlertKit;
		};
/* End XCSwiftPackageProductDependency section */
	};
	rootObject = 1AC574452A9AAE600003A509 /* Project object */;
}
